# This file was autogenerated by Stack.
# You should not edit this file by hand.
# For more information, please see the documentation at:
#   https://docs.haskellstack.org/en/stable/lock_files

packages:
- completed:
    hackage: lexer-applicative-2.1.0.2@sha256:44f71ecb10a50838a5cfd254bc0ede46bb9dcd32897da378c54c43e513229663,1427
    pantry-tree:
      size: 389
      sha256: a880d699c16aac75ce5db249f03aeee1aa6a61adcf290efc51166c19b932cd3e
  original:
    hackage: lexer-applicative-2.1.0.2
- completed:
    subdir: lsp
    name: lsp
    version: 1.2.0.0
    git: https://github.com/banacorn/lsp.git
    pantry-tree:
      size: 1350
      sha256: 337ac919300d03102766e4608d6a56ad261a3a9b3270e8e354b7b6ad7e992d62
    commit: 66f3fc54680f77c3fe5c5379bff8ff2dd4a2b926
  original:
    subdir: lsp
    git: https://github.com/banacorn/lsp.git
    commit: 66f3fc54680f77c3fe5c5379bff8ff2dd4a2b926
- completed:
    subdir: lsp-types
    name: lsp-types
    version: 1.2.0.0
    git: https://github.com/banacorn/lsp.git
    pantry-tree:
      size: 3984
      sha256: fed994498f8ec8753ea2b40baec554397b938b6f032c2c8fb9e0063e687f5bd8
    commit: 66f3fc54680f77c3fe5c5379bff8ff2dd4a2b926
  original:
    subdir: lsp-types
    git: https://github.com/banacorn/lsp.git
    commit: 66f3fc54680f77c3fe5c5379bff8ff2dd4a2b926
- completed:
    hackage: dependent-map-0.4.0.0@sha256:ca2b131046f4340a1c35d138c5a003fe4a5be96b14efc26291ed35fd08c62221,1657
    pantry-tree:
      size: 551
      sha256: 5defa30010904d2ad05a036f3eaf83793506717c93cbeb599f40db1a3632cfc5
  original:
    hackage: dependent-map-0.4.0.0@sha256:ca2b131046f4340a1c35d138c5a003fe4a5be96b14efc26291ed35fd08c62221,1657
- completed:
    hackage: dependent-sum-0.7.1.0@sha256:0e419237f5b86da3659772afff9cab355c0f8d5b3fdb15a5b30e673d8dc83941,2147
    pantry-tree:
      size: 290
      sha256: 009601e5d33e835c7a384e240c5c6ad12643bce9c54b2a0b07201daee3380e51
  original:
    hackage: dependent-sum-0.7.1.0@sha256:0e419237f5b86da3659772afff9cab355c0f8d5b3fdb15a5b30e673d8dc83941,2147
- completed:
    hackage: dependent-sum-template-0.1.0.3@sha256:0bbbacdfbd3abf2a15aaf0cf2c27e5bdd159b519441fec39e1e6f2f54424adde,1682
    pantry-tree:
      size: 436
      sha256: 32eeadeb991a290a1da41ce7e995dee7d38ebba3bd3e53ea8074c32c086701fd
  original:
    hackage: dependent-sum-template-0.1.0.3@sha256:0bbbacdfbd3abf2a15aaf0cf2c27e5bdd159b519441fec39e1e6f2f54424adde,1682
- completed:
    hackage: unliftio-core-0.2.0.1@sha256:9b3e44ea9aacacbfc35b3b54015af450091916ac3618a41868ebf6546977659a,1082
    pantry-tree:
      size: 328
      sha256: e81c5a1e82ec2cd68cbbbec9cd60567363abe02257fa1370a906f6754b6818b8
  original:
    hackage: unliftio-core-0.2.0.1@sha256:9b3e44ea9aacacbfc35b3b54015af450091916ac3618a41868ebf6546977659a,1082
- completed:
    hackage: constraints-extras-0.3.1.0@sha256:12016ebb91ad5ed2c82bf7e48c6bd6947d164d33c9dca5ac3965de1bb6c780c0,1777
    pantry-tree:
      size: 595
      sha256: 5fe01617233b7f66ba0e2aef95b218a19225a22e4193a8ed93999a3b7c43a4f3
  original:
    hackage: constraints-extras-0.3.1.0@sha256:12016ebb91ad5ed2c82bf7e48c6bd6947d164d33c9dca5ac3965de1bb6c780c0,1777
snapshots:
- completed:
    size: 534126
    url: https://raw.githubusercontent.com/commercialhaskell/stackage-snapshots/master/lts/16/31.yaml
    sha256: 637fb77049b25560622a224845b7acfe81a09fdb6a96a3c75997a10b651667f6
  original: lts-16.31
