# This file was autogenerated by Stack.
# You should not edit this file by hand.
# For more information, please see the documentation at:
#   https://docs.haskellstack.org/en/stable/lock_files

packages:
- completed:
    hackage: megaparsec-8.0.0@sha256:362f85e243ecbcb550e1de6e5c74ba5a50c09edaa1208c99bc5b9fd242227fc6,3808
    pantry-tree:
      size: 1446
      sha256: 955117c00a86970f2d0c215f33cf5293b16589c04678a0a790c03368ab6fd0aa
  original:
    hackage: megaparsec-8.0.0
- completed:
    cabal-file:
      size: 1461
      sha256: 2167ffb255abbdcd1c104d872ff585eaba7496c2537355e898b32ef48ab6d510
    name: lexer-applicative
    version: 2.1.0.2
    git: https://github.com/banacorn/lexer-applicative.git
    pantry-tree:
      size: 619
      sha256: 35d606140335b91392f871beb62a5594ba0800e393629e40e9f9ea7c967082ac
    commit: 37f0e9366bcac19f3396a5fdb4d8fed2b37ce844
  original:
    git: https://github.com/banacorn/lexer-applicative.git
    commit: 37f0e9366bcac19f3396a5fdb4d8fed2b37ce844
snapshots:
- completed:
    size: 524789
    url: https://raw.githubusercontent.com/commercialhaskell/stackage-snapshots/master/lts/14/9.yaml
    sha256: 8af5eb80734f02621d37e82cc0cde614af2ddc9c320610acb0b1b6d9ac162930
  original: lts-14.9
